// !$*UTF8*$!
{
	archiveVersion = 1;
	classes = {
	};
	objectVersion = 46;
	objects = {

/* Begin PBXBuildFile section */
		334255931420CF72003F0571 /* UIKit.framework in Frameworks */ = {isa = PBXBuildFile; fileRef = 334255921420CF72003F0571 /* UIKit.framework */; };
		334255951420CF72003F0571 /* Foundation.framework in Frameworks */ = {isa = PBXBuildFile; fileRef = 334255941420CF72003F0571 /* Foundation.framework */; };
		334255971420CF72003F0571 /* CoreGraphics.framework in Frameworks */ = {isa = PBXBuildFile; fileRef = 334255961420CF72003F0571 /* CoreGraphics.framework */; };
		3342559D1420CF72003F0571 /* InfoPlist.strings in Resources */ = {isa = PBXBuildFile; fileRef = 3342559B1420CF72003F0571 /* InfoPlist.strings */; };
		3342559F1420CF72003F0571 /* main.m in Sources */ = {isa = PBXBuildFile; fileRef = 3342559E1420CF72003F0571 /* main.m */; };
		334255A31420CF72003F0571 /* MIAppDelegate.m in Sources */ = {isa = PBXBuildFile; fileRef = 334255A21420CF72003F0571 /* MIAppDelegate.m */; };
		334255A61420CF72003F0571 /* MainStoryboard_iPhone.storyboard in Resources */ = {isa = PBXBuildFile; fileRef = 334255A41420CF72003F0571 /* MainStoryboard_iPhone.storyboard */; };
		334255A91420CF72003F0571 /* MainStoryboard_iPad.storyboard in Resources */ = {isa = PBXBuildFile; fileRef = 334255A71420CF72003F0571 /* MainStoryboard_iPad.storyboard */; };
		334255AC1420CF72003F0571 /* MIFirstViewController.m in Sources */ = {isa = PBXBuildFile; fileRef = 334255AB1420CF72003F0571 /* MIFirstViewController.m */; };
		334255AE1420CF72003F0571 /* first.png in Resources */ = {isa = PBXBuildFile; fileRef = 334255AD1420CF72003F0571 /* first.png */; };
		334255B01420CF72003F0571 /* first@2x.png in Resources */ = {isa = PBXBuildFile; fileRef = 334255AF1420CF72003F0571 /* first@2x.png */; };
		334255B31420CF72003F0571 /* MISecondViewController.m in Sources */ = {isa = PBXBuildFile; fileRef = 334255B21420CF72003F0571 /* MISecondViewController.m */; };
		334255B51420CF72003F0571 /* second.png in Resources */ = {isa = PBXBuildFile; fileRef = 334255B41420CF72003F0571 /* second.png */; };
		334255B71420CF72003F0571 /* second@2x.png in Resources */ = {isa = PBXBuildFile; fileRef = 334255B61420CF72003F0571 /* second@2x.png */; };
		334255BF1420CF72003F0571 /* SenTestingKit.framework in Frameworks */ = {isa = PBXBuildFile; fileRef = 334255BE1420CF72003F0571 /* SenTestingKit.framework */; };
		334255C01420CF72003F0571 /* UIKit.framework in Frameworks */ = {isa = PBXBuildFile; fileRef = 334255921420CF72003F0571 /* UIKit.framework */; };
		334255C11420CF72003F0571 /* Foundation.framework in Frameworks */ = {isa = PBXBuildFile; fileRef = 334255941420CF72003F0571 /* Foundation.framework */; };
		334255C91420CF72003F0571 /* InfoPlist.strings in Resources */ = {isa = PBXBuildFile; fileRef = 334255C71420CF72003F0571 /* InfoPlist.strings */; };
		334255CC1420CF72003F0571 /* MusicInfoTests.m in Sources */ = {isa = PBXBuildFile; fileRef = 334255CB1420CF72003F0571 /* MusicInfoTests.m */; };
		334255FD1420D6F5003F0571 /* libz.1.1.3.dylib in Frameworks */ = {isa = PBXBuildFile; fileRef = 334255FC1420D6F5003F0571 /* libz.1.1.3.dylib */; };
		940B021414556B25008912D5 /* HttpClient.m in Sources */ = {isa = PBXBuildFile; fileRef = 940B021314556B25008912D5 /* HttpClient.m */; };
		940B021514556B25008912D5 /* HttpClient.m in Sources */ = {isa = PBXBuildFile; fileRef = 940B021314556B25008912D5 /* HttpClient.m */; };
		94283A4D1494752800B75478 /* CFNetwork.framework in Frameworks */ = {isa = PBXBuildFile; fileRef = 94283A4C1494752800B75478 /* CFNetwork.framework */; };
		94283A4F1494758600B75478 /* SystemConfiguration.framework in Frameworks */ = {isa = PBXBuildFile; fileRef = 94283A4E1494758600B75478 /* SystemConfiguration.framework */; };
		94283A8A1494786700B75478 /* NSAlert+MKNetworkKitAdditions.m in Sources */ = {isa = PBXBuildFile; fileRef = 94283A791494786700B75478 /* NSAlert+MKNetworkKitAdditions.m */; };
		94283A8B1494786700B75478 /* NSDate+RFC1123.m in Sources */ = {isa = PBXBuildFile; fileRef = 94283A7B1494786700B75478 /* NSDate+RFC1123.m */; };
		94283A8C1494786700B75478 /* NSDictionary+RequestEncoding.m in Sources */ = {isa = PBXBuildFile; fileRef = 94283A7D1494786700B75478 /* NSDictionary+RequestEncoding.m */; };
		94283A8D1494786700B75478 /* NSString+MKNetworkKitAdditions.m in Sources */ = {isa = PBXBuildFile; fileRef = 94283A7F1494786700B75478 /* NSString+MKNetworkKitAdditions.m */; };
		94283A8E1494786700B75478 /* UIAlertView+MKNetworkKitAdditions.m in Sources */ = {isa = PBXBuildFile; fileRef = 94283A811494786700B75478 /* UIAlertView+MKNetworkKitAdditions.m */; };
		94283A8F1494786700B75478 /* MKNetworkEngine.m in Sources */ = {isa = PBXBuildFile; fileRef = 94283A831494786700B75478 /* MKNetworkEngine.m */; };
		94283A901494786700B75478 /* MKNetworkOperation.m in Sources */ = {isa = PBXBuildFile; fileRef = 94283A861494786700B75478 /* MKNetworkOperation.m */; };
		94283A911494786700B75478 /* Reachability.m in Sources */ = {isa = PBXBuildFile; fileRef = 94283A891494786700B75478 /* Reachability.m */; settings = {COMPILER_FLAGS = "-fno-objc-arc"; }; };
		94283AAC1494789C00B75478 /* NSObject+SBJson.m in Sources */ = {isa = PBXBuildFile; fileRef = 94283A941494789C00B75478 /* NSObject+SBJson.m */; };
		94283AAD1494789C00B75478 /* SBJsonParser.m in Sources */ = {isa = PBXBuildFile; fileRef = 94283A971494789C00B75478 /* SBJsonParser.m */; };
		94283AAE1494789C00B75478 /* SBJsonStreamParser.m in Sources */ = {isa = PBXBuildFile; fileRef = 94283A991494789C00B75478 /* SBJsonStreamParser.m */; };
		94283AAF1494789C00B75478 /* SBJsonStreamParserAccumulator.m in Sources */ = {isa = PBXBuildFile; fileRef = 94283A9B1494789C00B75478 /* SBJsonStreamParserAccumulator.m */; };
		94283AB01494789C00B75478 /* SBJsonStreamParserAdapter.m in Sources */ = {isa = PBXBuildFile; fileRef = 94283A9D1494789C00B75478 /* SBJsonStreamParserAdapter.m */; };
		94283AB11494789C00B75478 /* SBJsonStreamParserState.m in Sources */ = {isa = PBXBuildFile; fileRef = 94283A9F1494789C00B75478 /* SBJsonStreamParserState.m */; };
		94283AB21494789C00B75478 /* SBJsonStreamWriter.m in Sources */ = {isa = PBXBuildFile; fileRef = 94283AA11494789C00B75478 /* SBJsonStreamWriter.m */; };
		94283AB31494789C00B75478 /* SBJsonStreamWriterAccumulator.m in Sources */ = {isa = PBXBuildFile; fileRef = 94283AA31494789C00B75478 /* SBJsonStreamWriterAccumulator.m */; };
		94283AB41494789C00B75478 /* SBJsonStreamWriterState.m in Sources */ = {isa = PBXBuildFile; fileRef = 94283AA51494789C00B75478 /* SBJsonStreamWriterState.m */; };
		94283AB51494789C00B75478 /* SBJsonTokeniser.m in Sources */ = {isa = PBXBuildFile; fileRef = 94283AA71494789C00B75478 /* SBJsonTokeniser.m */; };
		94283AB61494789C00B75478 /* SBJsonUTF8Stream.m in Sources */ = {isa = PBXBuildFile; fileRef = 94283AA91494789C00B75478 /* SBJsonUTF8Stream.m */; };
		94283AB71494789C00B75478 /* SBJsonWriter.m in Sources */ = {isa = PBXBuildFile; fileRef = 94283AAB1494789C00B75478 /* SBJsonWriter.m */; };
		94283ABE1495FF1700B75478 /* MISession.m in Sources */ = {isa = PBXBuildFile; fileRef = 94283ABD1495FF1700B75478 /* MISession.m */; };
		94283ABF1495FF1700B75478 /* MISession.m in Sources */ = {isa = PBXBuildFile; fileRef = 94283ABD1495FF1700B75478 /* MISession.m */; };
		943C73BC14936D74003A4303 /* MIDiscogApi.m in Sources */ = {isa = PBXBuildFile; fileRef = 943C73BB14936D74003A4303 /* MIDiscogApi.m */; };
		943C73BD14936D74003A4303 /* MIDiscogApi.m in Sources */ = {isa = PBXBuildFile; fileRef = 943C73BB14936D74003A4303 /* MIDiscogApi.m */; };
/* End PBXBuildFile section */

/* Begin PBXContainerItemProxy section */
		334255C21420CF72003F0571 /* PBXContainerItemProxy */ = {
			isa = PBXContainerItemProxy;
			containerPortal = 334255851420CF72003F0571 /* Project object */;
			proxyType = 1;
			remoteGlobalIDString = 3342558D1420CF72003F0571;
			remoteInfo = MusicInfo;
		};
/* End PBXContainerItemProxy section */

/* Begin PBXFileReference section */
		3342558E1420CF72003F0571 /* MusicInfo.app */ = {isa = PBXFileReference; explicitFileType = wrapper.application; includeInIndex = 0; path = MusicInfo.app; sourceTree = BUILT_PRODUCTS_DIR; };
		334255921420CF72003F0571 /* UIKit.framework */ = {isa = PBXFileReference; lastKnownFileType = wrapper.framework; name = UIKit.framework; path = System/Library/Frameworks/UIKit.framework; sourceTree = SDKROOT; };
		334255941420CF72003F0571 /* Foundation.framework */ = {isa = PBXFileReference; lastKnownFileType = wrapper.framework; name = Foundation.framework; path = System/Library/Frameworks/Foundation.framework; sourceTree = SDKROOT; };
		334255961420CF72003F0571 /* CoreGraphics.framework */ = {isa = PBXFileReference; lastKnownFileType = wrapper.framework; name = CoreGraphics.framework; path = System/Library/Frameworks/CoreGraphics.framework; sourceTree = SDKROOT; };
		3342559A1420CF72003F0571 /* MusicInfo-Info.plist */ = {isa = PBXFileReference; lastKnownFileType = text.plist.xml; path = "MusicInfo-Info.plist"; sourceTree = "<group>"; };
		3342559C1420CF72003F0571 /* en */ = {isa = PBXFileReference; lastKnownFileType = text.plist.strings; name = en; path = en.lproj/InfoPlist.strings; sourceTree = "<group>"; };
		3342559E1420CF72003F0571 /* main.m */ = {isa = PBXFileReference; lastKnownFileType = sourcecode.c.objc; path = main.m; sourceTree = "<group>"; };
		334255A01420CF72003F0571 /* MusicInfo-Prefix.pch */ = {isa = PBXFileReference; lastKnownFileType = sourcecode.c.h; path = "MusicInfo-Prefix.pch"; sourceTree = "<group>"; };
		334255A11420CF72003F0571 /* MIAppDelegate.h */ = {isa = PBXFileReference; lastKnownFileType = sourcecode.c.h; path = MIAppDelegate.h; sourceTree = "<group>"; };
		334255A21420CF72003F0571 /* MIAppDelegate.m */ = {isa = PBXFileReference; lastKnownFileType = sourcecode.c.objc; path = MIAppDelegate.m; sourceTree = "<group>"; };
		334255A51420CF72003F0571 /* en */ = {isa = PBXFileReference; lastKnownFileType = file.storyboard; name = en; path = en.lproj/MainStoryboard_iPhone.storyboard; sourceTree = "<group>"; };
		334255A81420CF72003F0571 /* en */ = {isa = PBXFileReference; lastKnownFileType = file.storyboard; name = en; path = en.lproj/MainStoryboard_iPad.storyboard; sourceTree = "<group>"; };
		334255AA1420CF72003F0571 /* MIFirstViewController.h */ = {isa = PBXFileReference; lastKnownFileType = sourcecode.c.h; path = MIFirstViewController.h; sourceTree = "<group>"; };
		334255AB1420CF72003F0571 /* MIFirstViewController.m */ = {isa = PBXFileReference; lastKnownFileType = sourcecode.c.objc; path = MIFirstViewController.m; sourceTree = "<group>"; };
		334255AD1420CF72003F0571 /* first.png */ = {isa = PBXFileReference; lastKnownFileType = image.png; path = first.png; sourceTree = "<group>"; };
		334255AF1420CF72003F0571 /* first@2x.png */ = {isa = PBXFileReference; lastKnownFileType = image.png; path = "first@2x.png"; sourceTree = "<group>"; };
		334255B11420CF72003F0571 /* MISecondViewController.h */ = {isa = PBXFileReference; lastKnownFileType = sourcecode.c.h; path = MISecondViewController.h; sourceTree = "<group>"; };
		334255B21420CF72003F0571 /* MISecondViewController.m */ = {isa = PBXFileReference; lastKnownFileType = sourcecode.c.objc; path = MISecondViewController.m; sourceTree = "<group>"; };
		334255B41420CF72003F0571 /* second.png */ = {isa = PBXFileReference; lastKnownFileType = image.png; path = second.png; sourceTree = "<group>"; };
		334255B61420CF72003F0571 /* second@2x.png */ = {isa = PBXFileReference; lastKnownFileType = image.png; path = "second@2x.png"; sourceTree = "<group>"; };
		334255BD1420CF72003F0571 /* MusicInfoTests.octest */ = {isa = PBXFileReference; explicitFileType = wrapper.cfbundle; includeInIndex = 0; path = MusicInfoTests.octest; sourceTree = BUILT_PRODUCTS_DIR; };
		334255BE1420CF72003F0571 /* SenTestingKit.framework */ = {isa = PBXFileReference; lastKnownFileType = wrapper.framework; name = SenTestingKit.framework; path = Library/Frameworks/SenTestingKit.framework; sourceTree = DEVELOPER_DIR; };
		334255C61420CF72003F0571 /* MusicInfoTests-Info.plist */ = {isa = PBXFileReference; lastKnownFileType = text.plist.xml; path = "MusicInfoTests-Info.plist"; sourceTree = "<group>"; };
		334255C81420CF72003F0571 /* en */ = {isa = PBXFileReference; lastKnownFileType = text.plist.strings; name = en; path = en.lproj/InfoPlist.strings; sourceTree = "<group>"; };
		334255CA1420CF72003F0571 /* MusicInfoTests.h */ = {isa = PBXFileReference; lastKnownFileType = sourcecode.c.h; path = MusicInfoTests.h; sourceTree = "<group>"; };
		334255CB1420CF72003F0571 /* MusicInfoTests.m */ = {isa = PBXFileReference; lastKnownFileType = sourcecode.c.objc; path = MusicInfoTests.m; sourceTree = "<group>"; };
		334255FC1420D6F5003F0571 /* libz.1.1.3.dylib */ = {isa = PBXFileReference; lastKnownFileType = "compiled.mach-o.dylib"; name = libz.1.1.3.dylib; path = usr/lib/libz.1.1.3.dylib; sourceTree = SDKROOT; };
		940B021214556B25008912D5 /* HttpClient.h */ = {isa = PBXFileReference; fileEncoding = 4; lastKnownFileType = sourcecode.c.h; path = HttpClient.h; sourceTree = "<group>"; };
		940B021314556B25008912D5 /* HttpClient.m */ = {isa = PBXFileReference; fileEncoding = 4; lastKnownFileType = sourcecode.c.objc; path = HttpClient.m; sourceTree = "<group>"; };
		94283A4C1494752800B75478 /* CFNetwork.framework */ = {isa = PBXFileReference; lastKnownFileType = wrapper.framework; name = CFNetwork.framework; path = System/Library/Frameworks/CFNetwork.framework; sourceTree = SDKROOT; };
		94283A4E1494758600B75478 /* SystemConfiguration.framework */ = {isa = PBXFileReference; lastKnownFileType = wrapper.framework; name = SystemConfiguration.framework; path = System/Library/Frameworks/SystemConfiguration.framework; sourceTree = SDKROOT; };
		94283A781494786700B75478 /* NSAlert+MKNetworkKitAdditions.h */ = {isa = PBXFileReference; fileEncoding = 4; lastKnownFileType = sourcecode.c.h; path = "NSAlert+MKNetworkKitAdditions.h"; sourceTree = "<group>"; };
		94283A791494786700B75478 /* NSAlert+MKNetworkKitAdditions.m */ = {isa = PBXFileReference; fileEncoding = 4; lastKnownFileType = sourcecode.c.objc; path = "NSAlert+MKNetworkKitAdditions.m"; sourceTree = "<group>"; };
		94283A7A1494786700B75478 /* NSDate+RFC1123.h */ = {isa = PBXFileReference; fileEncoding = 4; lastKnownFileType = sourcecode.c.h; path = "NSDate+RFC1123.h"; sourceTree = "<group>"; };
		94283A7B1494786700B75478 /* NSDate+RFC1123.m */ = {isa = PBXFileReference; fileEncoding = 4; lastKnownFileType = sourcecode.c.objc; path = "NSDate+RFC1123.m"; sourceTree = "<group>"; };
		94283A7C1494786700B75478 /* NSDictionary+RequestEncoding.h */ = {isa = PBXFileReference; fileEncoding = 4; lastKnownFileType = sourcecode.c.h; path = "NSDictionary+RequestEncoding.h"; sourceTree = "<group>"; };
		94283A7D1494786700B75478 /* NSDictionary+RequestEncoding.m */ = {isa = PBXFileReference; fileEncoding = 4; lastKnownFileType = sourcecode.c.objc; path = "NSDictionary+RequestEncoding.m"; sourceTree = "<group>"; };
		94283A7E1494786700B75478 /* NSString+MKNetworkKitAdditions.h */ = {isa = PBXFileReference; fileEncoding = 4; lastKnownFileType = sourcecode.c.h; path = "NSString+MKNetworkKitAdditions.h"; sourceTree = "<group>"; };
		94283A7F1494786700B75478 /* NSString+MKNetworkKitAdditions.m */ = {isa = PBXFileReference; fileEncoding = 4; lastKnownFileType = sourcecode.c.objc; path = "NSString+MKNetworkKitAdditions.m"; sourceTree = "<group>"; };
		94283A801494786700B75478 /* UIAlertView+MKNetworkKitAdditions.h */ = {isa = PBXFileReference; fileEncoding = 4; lastKnownFileType = sourcecode.c.h; path = "UIAlertView+MKNetworkKitAdditions.h"; sourceTree = "<group>"; };
		94283A811494786700B75478 /* UIAlertView+MKNetworkKitAdditions.m */ = {isa = PBXFileReference; fileEncoding = 4; lastKnownFileType = sourcecode.c.objc; path = "UIAlertView+MKNetworkKitAdditions.m"; sourceTree = "<group>"; };
		94283A821494786700B75478 /* MKNetworkEngine.h */ = {isa = PBXFileReference; fileEncoding = 4; lastKnownFileType = sourcecode.c.h; path = MKNetworkEngine.h; sourceTree = "<group>"; };
		94283A831494786700B75478 /* MKNetworkEngine.m */ = {isa = PBXFileReference; fileEncoding = 4; lastKnownFileType = sourcecode.c.objc; path = MKNetworkEngine.m; sourceTree = "<group>"; };
		94283A841494786700B75478 /* MKNetworkKit.h */ = {isa = PBXFileReference; fileEncoding = 4; lastKnownFileType = sourcecode.c.h; path = MKNetworkKit.h; sourceTree = "<group>"; };
		94283A851494786700B75478 /* MKNetworkOperation.h */ = {isa = PBXFileReference; fileEncoding = 4; lastKnownFileType = sourcecode.c.h; path = MKNetworkOperation.h; sourceTree = "<group>"; };
		94283A861494786700B75478 /* MKNetworkOperation.m */ = {isa = PBXFileReference; fileEncoding = 4; lastKnownFileType = sourcecode.c.objc; path = MKNetworkOperation.m; sourceTree = "<group>"; };
		94283A881494786700B75478 /* Reachability.h */ = {isa = PBXFileReference; fileEncoding = 4; lastKnownFileType = sourcecode.c.h; path = Reachability.h; sourceTree = "<group>"; };
		94283A891494786700B75478 /* Reachability.m */ = {isa = PBXFileReference; fileEncoding = 4; lastKnownFileType = sourcecode.c.objc; path = Reachability.m; sourceTree = "<group>"; };
		94283A931494789C00B75478 /* NSObject+SBJson.h */ = {isa = PBXFileReference; fileEncoding = 4; lastKnownFileType = sourcecode.c.h; path = "NSObject+SBJson.h"; sourceTree = "<group>"; };
		94283A941494789C00B75478 /* NSObject+SBJson.m */ = {isa = PBXFileReference; fileEncoding = 4; lastKnownFileType = sourcecode.c.objc; path = "NSObject+SBJson.m"; sourceTree = "<group>"; };
		94283A951494789C00B75478 /* SBJson.h */ = {isa = PBXFileReference; fileEncoding = 4; lastKnownFileType = sourcecode.c.h; path = SBJson.h; sourceTree = "<group>"; };
		94283A961494789C00B75478 /* SBJsonParser.h */ = {isa = PBXFileReference; fileEncoding = 4; lastKnownFileType = sourcecode.c.h; path = SBJsonParser.h; sourceTree = "<group>"; };
		94283A971494789C00B75478 /* SBJsonParser.m */ = {isa = PBXFileReference; fileEncoding = 4; lastKnownFileType = sourcecode.c.objc; path = SBJsonParser.m; sourceTree = "<group>"; };
		94283A981494789C00B75478 /* SBJsonStreamParser.h */ = {isa = PBXFileReference; fileEncoding = 4; lastKnownFileType = sourcecode.c.h; path = SBJsonStreamParser.h; sourceTree = "<group>"; };
		94283A991494789C00B75478 /* SBJsonStreamParser.m */ = {isa = PBXFileReference; fileEncoding = 4; lastKnownFileType = sourcecode.c.objc; path = SBJsonStreamParser.m; sourceTree = "<group>"; };
		94283A9A1494789C00B75478 /* SBJsonStreamParserAccumulator.h */ = {isa = PBXFileReference; fileEncoding = 4; lastKnownFileType = sourcecode.c.h; path = SBJsonStreamParserAccumulator.h; sourceTree = "<group>"; };
		94283A9B1494789C00B75478 /* SBJsonStreamParserAccumulator.m */ = {isa = PBXFileReference; fileEncoding = 4; lastKnownFileType = sourcecode.c.objc; path = SBJsonStreamParserAccumulator.m; sourceTree = "<group>"; };
		94283A9C1494789C00B75478 /* SBJsonStreamParserAdapter.h */ = {isa = PBXFileReference; fileEncoding = 4; lastKnownFileType = sourcecode.c.h; path = SBJsonStreamParserAdapter.h; sourceTree = "<group>"; };
		94283A9D1494789C00B75478 /* SBJsonStreamParserAdapter.m */ = {isa = PBXFileReference; fileEncoding = 4; lastKnownFileType = sourcecode.c.objc; path = SBJsonStreamParserAdapter.m; sourceTree = "<group>"; };
		94283A9E1494789C00B75478 /* SBJsonStreamParserState.h */ = {isa = PBXFileReference; fileEncoding = 4; lastKnownFileType = sourcecode.c.h; path = SBJsonStreamParserState.h; sourceTree = "<group>"; };
		94283A9F1494789C00B75478 /* SBJsonStreamParserState.m */ = {isa = PBXFileReference; fileEncoding = 4; lastKnownFileType = sourcecode.c.objc; path = SBJsonStreamParserState.m; sourceTree = "<group>"; };
		94283AA01494789C00B75478 /* SBJsonStreamWriter.h */ = {isa = PBXFileReference; fileEncoding = 4; lastKnownFileType = sourcecode.c.h; path = SBJsonStreamWriter.h; sourceTree = "<group>"; };
		94283AA11494789C00B75478 /* SBJsonStreamWriter.m */ = {isa = PBXFileReference; fileEncoding = 4; lastKnownFileType = sourcecode.c.objc; path = SBJsonStreamWriter.m; sourceTree = "<group>"; };
		94283AA21494789C00B75478 /* SBJsonStreamWriterAccumulator.h */ = {isa = PBXFileReference; fileEncoding = 4; lastKnownFileType = sourcecode.c.h; path = SBJsonStreamWriterAccumulator.h; sourceTree = "<group>"; };
		94283AA31494789C00B75478 /* SBJsonStreamWriterAccumulator.m */ = {isa = PBXFileReference; fileEncoding = 4; lastKnownFileType = sourcecode.c.objc; path = SBJsonStreamWriterAccumulator.m; sourceTree = "<group>"; };
		94283AA41494789C00B75478 /* SBJsonStreamWriterState.h */ = {isa = PBXFileReference; fileEncoding = 4; lastKnownFileType = sourcecode.c.h; path = SBJsonStreamWriterState.h; sourceTree = "<group>"; };
		94283AA51494789C00B75478 /* SBJsonStreamWriterState.m */ = {isa = PBXFileReference; fileEncoding = 4; lastKnownFileType = sourcecode.c.objc; path = SBJsonStreamWriterState.m; sourceTree = "<group>"; };
		94283AA61494789C00B75478 /* SBJsonTokeniser.h */ = {isa = PBXFileReference; fileEncoding = 4; lastKnownFileType = sourcecode.c.h; path = SBJsonTokeniser.h; sourceTree = "<group>"; };
		94283AA71494789C00B75478 /* SBJsonTokeniser.m */ = {isa = PBXFileReference; fileEncoding = 4; lastKnownFileType = sourcecode.c.objc; path = SBJsonTokeniser.m; sourceTree = "<group>"; };
		94283AA81494789C00B75478 /* SBJsonUTF8Stream.h */ = {isa = PBXFileReference; fileEncoding = 4; lastKnownFileType = sourcecode.c.h; path = SBJsonUTF8Stream.h; sourceTree = "<group>"; };
		94283AA91494789C00B75478 /* SBJsonUTF8Stream.m */ = {isa = PBXFileReference; fileEncoding = 4; lastKnownFileType = sourcecode.c.objc; path = SBJsonUTF8Stream.m; sourceTree = "<group>"; };
		94283AAA1494789C00B75478 /* SBJsonWriter.h */ = {isa = PBXFileReference; fileEncoding = 4; lastKnownFileType = sourcecode.c.h; path = SBJsonWriter.h; sourceTree = "<group>"; };
		94283AAB1494789C00B75478 /* SBJsonWriter.m */ = {isa = PBXFileReference; fileEncoding = 4; lastKnownFileType = sourcecode.c.objc; path = SBJsonWriter.m; sourceTree = "<group>"; };
		94283ABC1495FF1700B75478 /* MISession.h */ = {isa = PBXFileReference; fileEncoding = 4; lastKnownFileType = sourcecode.c.h; path = MISession.h; sourceTree = "<group>"; };
		94283ABD1495FF1700B75478 /* MISession.m */ = {isa = PBXFileReference; fileEncoding = 4; lastKnownFileType = sourcecode.c.objc; path = MISession.m; sourceTree = "<group>"; };
		943C73BA14936D74003A4303 /* MIDiscogApi.h */ = {isa = PBXFileReference; fileEncoding = 4; lastKnownFileType = sourcecode.c.h; path = MIDiscogApi.h; sourceTree = "<group>"; };
		943C73BB14936D74003A4303 /* MIDiscogApi.m */ = {isa = PBXFileReference; fileEncoding = 4; lastKnownFileType = sourcecode.c.objc; path = MIDiscogApi.m; sourceTree = "<group>"; };
/* End PBXFileReference section */

/* Begin PBXFrameworksBuildPhase section */
		3342558B1420CF72003F0571 /* Frameworks */ = {
			isa = PBXFrameworksBuildPhase;
			buildActionMask = 2147483647;
			files = (
				94283A4F1494758600B75478 /* SystemConfiguration.framework in Frameworks */,
				94283A4D1494752800B75478 /* CFNetwork.framework in Frameworks */,
				334255FD1420D6F5003F0571 /* libz.1.1.3.dylib in Frameworks */,
				334255931420CF72003F0571 /* UIKit.framework in Frameworks */,
				334255951420CF72003F0571 /* Foundation.framework in Frameworks */,
				334255971420CF72003F0571 /* CoreGraphics.framework in Frameworks */,
			);
			runOnlyForDeploymentPostprocessing = 0;
		};
		334255B91420CF72003F0571 /* Frameworks */ = {
			isa = PBXFrameworksBuildPhase;
			buildActionMask = 2147483647;
			files = (
				334255BF1420CF72003F0571 /* SenTestingKit.framework in Frameworks */,
				334255C01420CF72003F0571 /* UIKit.framework in Frameworks */,
				334255C11420CF72003F0571 /* Foundation.framework in Frameworks */,
			);
			runOnlyForDeploymentPostprocessing = 0;
		};
/* End PBXFrameworksBuildPhase section */

/* Begin PBXGroup section */
		334255831420CF72003F0571 = {
			isa = PBXGroup;
			children = (
				334255981420CF72003F0571 /* MusicInfo */,
				334255C41420CF72003F0571 /* MusicInfoTests */,
				334255911420CF72003F0571 /* Frameworks */,
				3342558F1420CF72003F0571 /* Products */,
			);
			sourceTree = "<group>";
		};
		3342558F1420CF72003F0571 /* Products */ = {
			isa = PBXGroup;
			children = (
				3342558E1420CF72003F0571 /* MusicInfo.app */,
				334255BD1420CF72003F0571 /* MusicInfoTests.octest */,
			);
			name = Products;
			sourceTree = "<group>";
		};
		334255911420CF72003F0571 /* Frameworks */ = {
			isa = PBXGroup;
			children = (
				94283A4E1494758600B75478 /* SystemConfiguration.framework */,
				94283A4C1494752800B75478 /* CFNetwork.framework */,
				334255FC1420D6F5003F0571 /* libz.1.1.3.dylib */,
				334255921420CF72003F0571 /* UIKit.framework */,
				334255941420CF72003F0571 /* Foundation.framework */,
				334255961420CF72003F0571 /* CoreGraphics.framework */,
				334255BE1420CF72003F0571 /* SenTestingKit.framework */,
			);
			name = Frameworks;
			sourceTree = "<group>";
		};
		334255981420CF72003F0571 /* MusicInfo */ = {
			isa = PBXGroup;
			children = (
				94FEE69B1452D13600D519A3 /* Services */,
				334255A11420CF72003F0571 /* MIAppDelegate.h */,
				334255A21420CF72003F0571 /* MIAppDelegate.m */,
				334255A41420CF72003F0571 /* MainStoryboard_iPhone.storyboard */,
				334255A71420CF72003F0571 /* MainStoryboard_iPad.storyboard */,
				334255AA1420CF72003F0571 /* MIFirstViewController.h */,
				334255AB1420CF72003F0571 /* MIFirstViewController.m */,
				334255AD1420CF72003F0571 /* first.png */,
				334255AF1420CF72003F0571 /* first@2x.png */,
				334255B11420CF72003F0571 /* MISecondViewController.h */,
				334255B21420CF72003F0571 /* MISecondViewController.m */,
				334255B41420CF72003F0571 /* second.png */,
				334255B61420CF72003F0571 /* second@2x.png */,
				334255991420CF72003F0571 /* Supporting Files */,
			);
			path = MusicInfo;
			sourceTree = "<group>";
		};
		334255991420CF72003F0571 /* Supporting Files */ = {
			isa = PBXGroup;
			children = (
				3342559A1420CF72003F0571 /* MusicInfo-Info.plist */,
				3342559B1420CF72003F0571 /* InfoPlist.strings */,
				3342559E1420CF72003F0571 /* main.m */,
				334255A01420CF72003F0571 /* MusicInfo-Prefix.pch */,
			);
			name = "Supporting Files";
			sourceTree = "<group>";
		};
		334255C41420CF72003F0571 /* MusicInfoTests */ = {
			isa = PBXGroup;
			children = (
				334255CA1420CF72003F0571 /* MusicInfoTests.h */,
				334255CB1420CF72003F0571 /* MusicInfoTests.m */,
				334255C51420CF72003F0571 /* Supporting Files */,
			);
			path = MusicInfoTests;
			sourceTree = "<group>";
		};
		334255C51420CF72003F0571 /* Supporting Files */ = {
			isa = PBXGroup;
			children = (
				334255C61420CF72003F0571 /* MusicInfoTests-Info.plist */,
				334255C71420CF72003F0571 /* InfoPlist.strings */,
			);
			name = "Supporting Files";
			sourceTree = "<group>";
		};
		940B021014556AFC008912D5 /* Network */ = {
			isa = PBXGroup;
			children = (
				94283A761494786700B75478 /* MKNetworkKit */,
				940B021214556B25008912D5 /* HttpClient.h */,
				940B021314556B25008912D5 /* HttpClient.m */,
				943C73BA14936D74003A4303 /* MIDiscogApi.h */,
				943C73BB14936D74003A4303 /* MIDiscogApi.m */,
			);
			name = Network;
			sourceTree = "<group>";
		};
		94283A761494786700B75478 /* MKNetworkKit */ = {
			isa = PBXGroup;
			children = (
				94283A771494786700B75478 /* Categories */,
				94283A821494786700B75478 /* MKNetworkEngine.h */,
				94283A831494786700B75478 /* MKNetworkEngine.m */,
				94283A841494786700B75478 /* MKNetworkKit.h */,
				94283A851494786700B75478 /* MKNetworkOperation.h */,
				94283A861494786700B75478 /* MKNetworkOperation.m */,
				94283A871494786700B75478 /* Reachability */,
			);
			path = MKNetworkKit;
			sourceTree = "<group>";
		};
		94283A771494786700B75478 /* Categories */ = {
			isa = PBXGroup;
			children = (
				94283A781494786700B75478 /* NSAlert+MKNetworkKitAdditions.h */,
				94283A791494786700B75478 /* NSAlert+MKNetworkKitAdditions.m */,
				94283A7A1494786700B75478 /* NSDate+RFC1123.h */,
				94283A7B1494786700B75478 /* NSDate+RFC1123.m */,
				94283A7C1494786700B75478 /* NSDictionary+RequestEncoding.h */,
				94283A7D1494786700B75478 /* NSDictionary+RequestEncoding.m */,
				94283A7E1494786700B75478 /* NSString+MKNetworkKitAdditions.h */,
				94283A7F1494786700B75478 /* NSString+MKNetworkKitAdditions.m */,
				94283A801494786700B75478 /* UIAlertView+MKNetworkKitAdditions.h */,
				94283A811494786700B75478 /* UIAlertView+MKNetworkKitAdditions.m */,
			);
			path = Categories;
			sourceTree = "<group>";
		};
		94283A871494786700B75478 /* Reachability */ = {
			isa = PBXGroup;
			children = (
				94283A881494786700B75478 /* Reachability.h */,
				94283A891494786700B75478 /* Reachability.m */,
			);
			path = Reachability;
			sourceTree = "<group>";
		};
		94283A921494787A00B75478 /* SBJson */ = {
			isa = PBXGroup;
			children = (
				94283A931494789C00B75478 /* NSObject+SBJson.h */,
				94283A941494789C00B75478 /* NSObject+SBJson.m */,
				94283A951494789C00B75478 /* SBJson.h */,
				94283A961494789C00B75478 /* SBJsonParser.h */,
				94283A971494789C00B75478 /* SBJsonParser.m */,
				94283A981494789C00B75478 /* SBJsonStreamParser.h */,
				94283A991494789C00B75478 /* SBJsonStreamParser.m */,
				94283A9A1494789C00B75478 /* SBJsonStreamParserAccumulator.h */,
				94283A9B1494789C00B75478 /* SBJsonStreamParserAccumulator.m */,
				94283A9C1494789C00B75478 /* SBJsonStreamParserAdapter.h */,
				94283A9D1494789C00B75478 /* SBJsonStreamParserAdapter.m */,
				94283A9E1494789C00B75478 /* SBJsonStreamParserState.h */,
				94283A9F1494789C00B75478 /* SBJsonStreamParserState.m */,
				94283AA01494789C00B75478 /* SBJsonStreamWriter.h */,
				94283AA11494789C00B75478 /* SBJsonStreamWriter.m */,
				94283AA21494789C00B75478 /* SBJsonStreamWriterAccumulator.h */,
				94283AA31494789C00B75478 /* SBJsonStreamWriterAccumulator.m */,
				94283AA41494789C00B75478 /* SBJsonStreamWriterState.h */,
				94283AA51494789C00B75478 /* SBJsonStreamWriterState.m */,
				94283AA61494789C00B75478 /* SBJsonTokeniser.h */,
				94283AA71494789C00B75478 /* SBJsonTokeniser.m */,
				94283AA81494789C00B75478 /* SBJsonUTF8Stream.h */,
				94283AA91494789C00B75478 /* SBJsonUTF8Stream.m */,
				94283AAA1494789C00B75478 /* SBJsonWriter.h */,
				94283AAB1494789C00B75478 /* SBJsonWriter.m */,
			);
			name = SBJson;
			sourceTree = "<group>";
		};
		94FEE69B1452D13600D519A3 /* Services */ = {
			isa = PBXGroup;
			children = (
				94283A921494787A00B75478 /* SBJson */,
				940B021014556AFC008912D5 /* Network */,
				94283ABC1495FF1700B75478 /* MISession.h */,
				94283ABD1495FF1700B75478 /* MISession.m */,
			);
			name = Services;
			sourceTree = "<group>";
		};
/* End PBXGroup section */

/* Begin PBXNativeTarget section */
		3342558D1420CF72003F0571 /* MusicInfo */ = {
			isa = PBXNativeTarget;
			buildConfigurationList = 334255CF1420CF72003F0571 /* Build configuration list for PBXNativeTarget "MusicInfo" */;
			buildPhases = (
				3342558A1420CF72003F0571 /* Sources */,
				3342558B1420CF72003F0571 /* Frameworks */,
				3342558C1420CF72003F0571 /* Resources */,
			);
			buildRules = (
			);
			dependencies = (
			);
			name = MusicInfo;
			productName = MusicInfo;
			productReference = 3342558E1420CF72003F0571 /* MusicInfo.app */;
			productType = "com.apple.product-type.application";
		};
		334255BC1420CF72003F0571 /* MusicInfoTests */ = {
			isa = PBXNativeTarget;
			buildConfigurationList = 334255D21420CF72003F0571 /* Build configuration list for PBXNativeTarget "MusicInfoTests" */;
			buildPhases = (
				334255B81420CF72003F0571 /* Sources */,
				334255B91420CF72003F0571 /* Frameworks */,
				334255BA1420CF72003F0571 /* Resources */,
				334255BB1420CF72003F0571 /* ShellScript */,
			);
			buildRules = (
			);
			dependencies = (
				334255C31420CF72003F0571 /* PBXTargetDependency */,
			);
			name = MusicInfoTests;
			productName = MusicInfoTests;
			productReference = 334255BD1420CF72003F0571 /* MusicInfoTests.octest */;
			productType = "com.apple.product-type.bundle";
		};
/* End PBXNativeTarget section */

/* Begin PBXProject section */
		334255851420CF72003F0571 /* Project object */ = {
			isa = PBXProject;
			attributes = {
				LastUpgradeCheck = 0420;
				ORGANIZATIONNAME = "John May";
			};
			buildConfigurationList = 334255881420CF72003F0571 /* Build configuration list for PBXProject "MusicInfo" */;
			compatibilityVersion = "Xcode 3.2";
			developmentRegion = English;
			hasScannedForEncodings = 0;
			knownRegions = (
				en,
			);
			mainGroup = 334255831420CF72003F0571;
			productRefGroup = 3342558F1420CF72003F0571 /* Products */;
			projectDirPath = "";
			projectRoot = "";
			targets = (
				3342558D1420CF72003F0571 /* MusicInfo */,
				334255BC1420CF72003F0571 /* MusicInfoTests */,
			);
		};
/* End PBXProject section */

/* Begin PBXResourcesBuildPhase section */
		3342558C1420CF72003F0571 /* Resources */ = {
			isa = PBXResourcesBuildPhase;
			buildActionMask = 2147483647;
			files = (
				3342559D1420CF72003F0571 /* InfoPlist.strings in Resources */,
				334255A61420CF72003F0571 /* MainStoryboard_iPhone.storyboard in Resources */,
				334255A91420CF72003F0571 /* MainStoryboard_iPad.storyboard in Resources */,
				334255AE1420CF72003F0571 /* first.png in Resources */,
				334255B01420CF72003F0571 /* first@2x.png in Resources */,
				334255B51420CF72003F0571 /* second.png in Resources */,
				334255B71420CF72003F0571 /* second@2x.png in Resources */,
			);
			runOnlyForDeploymentPostprocessing = 0;
		};
		334255BA1420CF72003F0571 /* Resources */ = {
			isa = PBXResourcesBuildPhase;
			buildActionMask = 2147483647;
			files = (
				334255C91420CF72003F0571 /* InfoPlist.strings in Resources */,
			);
			runOnlyForDeploymentPostprocessing = 0;
		};
/* End PBXResourcesBuildPhase section */

/* Begin PBXShellScriptBuildPhase section */
		334255BB1420CF72003F0571 /* ShellScript */ = {
			isa = PBXShellScriptBuildPhase;
			buildActionMask = 2147483647;
			files = (
			);
			inputPaths = (
			);
			outputPaths = (
			);
			runOnlyForDeploymentPostprocessing = 0;
			shellPath = /bin/sh;
			shellScript = "# Run the unit tests in this test bundle.\n\"${SYSTEM_DEVELOPER_DIR}/Tools/RunUnitTests\"\n";
		};
/* End PBXShellScriptBuildPhase section */

/* Begin PBXSourcesBuildPhase section */
		3342558A1420CF72003F0571 /* Sources */ = {
			isa = PBXSourcesBuildPhase;
			buildActionMask = 2147483647;
			files = (
				3342559F1420CF72003F0571 /* main.m in Sources */,
				334255A31420CF72003F0571 /* MIAppDelegate.m in Sources */,
				334255AC1420CF72003F0571 /* MIFirstViewController.m in Sources */,
				334255B31420CF72003F0571 /* MISecondViewController.m in Sources */,
				940B021414556B25008912D5 /* HttpClient.m in Sources */,
				943C73BC14936D74003A4303 /* MIDiscogApi.m in Sources */,
				94283A8A1494786700B75478 /* NSAlert+MKNetworkKitAdditions.m in Sources */,
				94283A8B1494786700B75478 /* NSDate+RFC1123.m in Sources */,
				94283A8C1494786700B75478 /* NSDictionary+RequestEncoding.m in Sources */,
				94283A8D1494786700B75478 /* NSString+MKNetworkKitAdditions.m in Sources */,
				94283A8E1494786700B75478 /* UIAlertView+MKNetworkKitAdditions.m in Sources */,
				94283A8F1494786700B75478 /* MKNetworkEngine.m in Sources */,
				94283A901494786700B75478 /* MKNetworkOperation.m in Sources */,
				94283A911494786700B75478 /* Reachability.m in Sources */,
				94283AAC1494789C00B75478 /* NSObject+SBJson.m in Sources */,
				94283AAD1494789C00B75478 /* SBJsonParser.m in Sources */,
				94283AAE1494789C00B75478 /* SBJsonStreamParser.m in Sources */,
				94283AAF1494789C00B75478 /* SBJsonStreamParserAccumulator.m in Sources */,
				94283AB01494789C00B75478 /* SBJsonStreamParserAdapter.m in Sources */,
				94283AB11494789C00B75478 /* SBJsonStreamParserState.m in Sources */,
				94283AB21494789C00B75478 /* SBJsonStreamWriter.m in Sources */,
				94283AB31494789C00B75478 /* SBJsonStreamWriterAccumulator.m in Sources */,
				94283AB41494789C00B75478 /* SBJsonStreamWriterState.m in Sources */,
				94283AB51494789C00B75478 /* SBJsonTokeniser.m in Sources */,
				94283AB61494789C00B75478 /* SBJsonUTF8Stream.m in Sources */,
				94283AB71494789C00B75478 /* SBJsonWriter.m in Sources */,
				94283ABE1495FF1700B75478 /* MISession.m in Sources */,
			);
			runOnlyForDeploymentPostprocessing = 0;
		};
		334255B81420CF72003F0571 /* Sources */ = {
			isa = PBXSourcesBuildPhase;
			buildActionMask = 2147483647;
			files = (
				334255CC1420CF72003F0571 /* MusicInfoTests.m in Sources */,
				940B021514556B25008912D5 /* HttpClient.m in Sources */,
				943C73BD14936D74003A4303 /* MIDiscogApi.m in Sources */,
				94283ABF1495FF1700B75478 /* MISession.m in Sources */,
			);
			runOnlyForDeploymentPostprocessing = 0;
		};
/* End PBXSourcesBuildPhase section */

/* Begin PBXTargetDependency section */
		334255C31420CF72003F0571 /* PBXTargetDependency */ = {
			isa = PBXTargetDependency;
			target = 3342558D1420CF72003F0571 /* MusicInfo */;
			targetProxy = 334255C21420CF72003F0571 /* PBXContainerItemProxy */;
		};
/* End PBXTargetDependency section */

/* Begin PBXVariantGroup section */
		3342559B1420CF72003F0571 /* InfoPlist.strings */ = {
			isa = PBXVariantGroup;
			children = (
				3342559C1420CF72003F0571 /* en */,
			);
			name = InfoPlist.strings;
			sourceTree = "<group>";
		};
		334255A41420CF72003F0571 /* MainStoryboard_iPhone.storyboard */ = {
			isa = PBXVariantGroup;
			children = (
				334255A51420CF72003F0571 /* en */,
			);
			name = MainStoryboard_iPhone.storyboard;
			sourceTree = "<group>";
		};
		334255A71420CF72003F0571 /* MainStoryboard_iPad.storyboard */ = {
			isa = PBXVariantGroup;
			children = (
				334255A81420CF72003F0571 /* en */,
			);
			name = MainStoryboard_iPad.storyboard;
			sourceTree = "<group>";
		};
		334255C71420CF72003F0571 /* InfoPlist.strings */ = {
			isa = PBXVariantGroup;
			children = (
				334255C81420CF72003F0571 /* en */,
			);
			name = InfoPlist.strings;
			sourceTree = "<group>";
		};
/* End PBXVariantGroup section */

/* Begin XCBuildConfiguration section */
		334255CD1420CF72003F0571 /* Debug */ = {
			isa = XCBuildConfiguration;
			buildSettings = {
				ALWAYS_SEARCH_USER_PATHS = NO;
				ARCHS = "$(ARCHS_STANDARD_32_BIT)";
				CLANG_ENABLE_OBJC_ARC = YES;
				"CODE_SIGN_IDENTITY[sdk=iphoneos*]" = "iPhone Developer";
				COPY_PHASE_STRIP = NO;
				GCC_C_LANGUAGE_STANDARD = gnu99;
				GCC_DYNAMIC_NO_PIC = NO;
				GCC_OPTIMIZATION_LEVEL = 0;
				GCC_PREPROCESSOR_DEFINITIONS = (
					"DEBUG=1",
					"$(inherited)",
				);
				GCC_SYMBOLS_PRIVATE_EXTERN = NO;
				GCC_VERSION = com.apple.compilers.llvm.clang.1_0;
				GCC_WARN_ABOUT_MISSING_PROTOTYPES = YES;
				GCC_WARN_ABOUT_RETURN_TYPE = YES;
				GCC_WARN_UNUSED_VARIABLE = YES;
				IPHONEOS_DEPLOYMENT_TARGET = 5.0;
				SDKROOT = iphoneos;
				TARGETED_DEVICE_FAMILY = "1,2";
			};
			name = Debug;
		};
		334255CE1420CF72003F0571 /* Release */ = {
			isa = XCBuildConfiguration;
			buildSettings = {
				ALWAYS_SEARCH_USER_PATHS = NO;
				ARCHS = "$(ARCHS_STANDARD_32_BIT)";
				CLANG_ENABLE_OBJC_ARC = YES;
				"CODE_SIGN_IDENTITY[sdk=iphoneos*]" = "iPhone Developer";
				COPY_PHASE_STRIP = YES;
				GCC_C_LANGUAGE_STANDARD = gnu99;
				GCC_VERSION = com.apple.compilers.llvm.clang.1_0;
				GCC_WARN_ABOUT_MISSING_PROTOTYPES = YES;
				GCC_WARN_ABOUT_RETURN_TYPE = YES;
				GCC_WARN_UNUSED_VARIABLE = YES;
				IPHONEOS_DEPLOYMENT_TARGET = 5.0;
				OTHER_CFLAGS = "-DNS_BLOCK_ASSERTIONS=1";
				SDKROOT = iphoneos;
				TARGETED_DEVICE_FAMILY = "1,2";
				VALIDATE_PRODUCT = YES;
			};
			name = Release;
		};
		334255D01420CF72003F0571 /* Debug */ = {
			isa = XCBuildConfiguration;
			buildSettings = {
				GCC_PRECOMPILE_PREFIX_HEADER = YES;
				GCC_PREFIX_HEADER = "MusicInfo/MusicInfo-Prefix.pch";
				INFOPLIST_FILE = "MusicInfo/MusicInfo-Info.plist";
				PRODUCT_NAME = "$(TARGET_NAME)";
				WRAPPER_EXTENSION = app;
			};
			name = Debug;
		};
		334255D11420CF72003F0571 /* Release */ = {
			isa = XCBuildConfiguration;
			buildSettings = {
				GCC_PRECOMPILE_PREFIX_HEADER = YES;
				GCC_PREFIX_HEADER = "MusicInfo/MusicInfo-Prefix.pch";
				INFOPLIST_FILE = "MusicInfo/MusicInfo-Info.plist";
				PRODUCT_NAME = "$(TARGET_NAME)";
				WRAPPER_EXTENSION = app;
			};
			name = Release;
		};
		334255D31420CF72003F0571 /* Debug */ = {
			isa = XCBuildConfiguration;
			buildSettings = {
				BUNDLE_LOADER = "$(BUILT_PRODUCTS_DIR)/MusicInfo.app/MusicInfo";
				FRAMEWORK_SEARCH_PATHS = (
					"$(SDKROOT)/Developer/Library/Frameworks",
					"$(DEVELOPER_LIBRARY_DIR)/Frameworks",
				);
				GCC_PRECOMPILE_PREFIX_HEADER = YES;
				GCC_PREFIX_HEADER = "MusicInfo/MusicInfo-Prefix.pch";
				INFOPLIST_FILE = "MusicInfoTests/MusicInfoTests-Info.plist";
				PRODUCT_NAME = "$(TARGET_NAME)";
				TEST_HOST = "$(BUNDLE_LOADER)";
				WRAPPER_EXTENSION = octest;
			};
			name = Debug;
		};
		334255D41420CF72003F0571 /* Release */ = {
			isa = XCBuildConfiguration;
			buildSettings = {
				BUNDLE_LOADER = "$(BUILT_PRODUCTS_DIR)/MusicInfo.app/MusicInfo";
				FRAMEWORK_SEARCH_PATHS = (
					"$(SDKROOT)/Developer/Library/Frameworks",
					"$(DEVELOPER_LIBRARY_DIR)/Frameworks",
				);
				GCC_PRECOMPILE_PREFIX_HEADER = YES;
				GCC_PREFIX_HEADER = "MusicInfo/MusicInfo-Prefix.pch";
				INFOPLIST_FILE = "MusicInfoTests/MusicInfoTests-Info.plist";
				PRODUCT_NAME = "$(TARGET_NAME)";
				TEST_HOST = "$(BUNDLE_LOADER)";
				WRAPPER_EXTENSION = octest;
			};
			name = Release;
		};
/* End XCBuildConfiguration section */

/* Begin XCConfigurationList section */
		334255881420CF72003F0571 /* Build configuration list for PBXProject "MusicInfo" */ = {
			isa = XCConfigurationList;
			buildConfigurations = (
				334255CD1420CF72003F0571 /* Debug */,
				334255CE1420CF72003F0571 /* Release */,
			);
			defaultConfigurationIsVisible = 0;
			defaultConfigurationName = Debug;
		};
		334255CF1420CF72003F0571 /* Build configuration list for PBXNativeTarget "MusicInfo" */ = {
			isa = XCConfigurationList;
			buildConfigurations = (
				334255D01420CF72003F0571 /* Debug */,
				334255D11420CF72003F0571 /* Release */,
			);
			defaultConfigurationIsVisible = 0;
			defaultConfigurationName = Debug;
		};
		334255D21420CF72003F0571 /* Build configuration list for PBXNativeTarget "MusicInfoTests" */ = {
			isa = XCConfigurationList;
			buildConfigurations = (
				334255D31420CF72003F0571 /* Debug */,
				334255D41420CF72003F0571 /* Release */,
			);
			defaultConfigurationIsVisible = 0;
			defaultConfigurationName = Debug;
		};
/* End XCConfigurationList section */
	};
	rootObject = 334255851420CF72003F0571 /* Project object */;
}
